
Microsoft Visual Studio Solution File, Format Version 12.00
# Visual Studio Version 17
VisualStudioVersion = 17.3.32901.215
MinimumVisualStudioVersion = 10.0.40219.1
Project("{FAE04EC0-301F-11D3-BF4B-00C04F79EFBC}") = "ConsoleApp4", "ConsoleApp4\ConsoleApp4.csproj", "{ADD0D1DB-C9DA-46B0-8881-46DC36303A94}"
EndProject
Global
	GlobalSection(SolutionConfigurationPlatforms) = preSolution
		Debug|Any CPU = Debug|Any CPU
		Release|Any CPU = Release|Any CPU
	EndGlobalSection
	GlobalSection(ProjectConfigurationPlatforms) = postSolution
		{ADD0D1DB-C9DA-46B0-8881-46DC36303A94}.Debug|Any CPU.ActiveCfg = Debug|Any CPU
		{ADD0D1DB-C9DA-46B0-8881-46DC36303A94}.Debug|Any CPU.Build.0 = Debug|Any CPU
		{ADD0D1DB-C9DA-46B0-8881-46DC36303A94}.Release|Any CPU.ActiveCfg = Release|Any CPU
		{ADD0D1DB-C9DA-46B0-8881-46DC36303A94}.Release|Any CPU.Build.0 = Release|Any CPU
	EndGlobalSection
	GlobalSection(SolutionProperties) = preSolution
		HideSolutionNode = FALSE
	EndGlobalSection
	GlobalSection(ExtensibilityGlobals) = postSolution
		SolutionGuid = {EF780877-927C-4366-8AB4-8331008A0FCB}
	EndGlobalSection
EndGlobal
